
Microsoft Visual Studio Solution File, Format Version 12.00
# Visual Studio Version 17
VisualStudioVersion = 17.0.31919.166
MinimumVisualStudioVersion = 10.0.40219.1
Project("{FAE04EC0-301F-11D3-BF4B-00C04F79EFBC}") = "Pojisteni", "Pojisteni\Pojisteni.csproj", "{D4FF0F81-08C4-4B9A-8DD7-71CC9B058029}"
EndProject
Global
	GlobalSection(SolutionConfigurationPlatforms) = preSolution
		Debug|Any CPU = Debug|Any CPU
		Release|Any CPU = Release|Any CPU
	EndGlobalSection
	GlobalSection(ProjectConfigurationPlatforms) = postSolution
		{D4FF0F81-08C4-4B9A-8DD7-71CC9B058029}.Debug|Any CPU.ActiveCfg = Debug|Any CPU
		{D4FF0F81-08C4-4B9A-8DD7-71CC9B058029}.Debug|Any CPU.Build.0 = Debug|Any CPU
		{D4FF0F81-08C4-4B9A-8DD7-71CC9B058029}.Release|Any CPU.ActiveCfg = Release|Any CPU
		{D4FF0F81-08C4-4B9A-8DD7-71CC9B058029}.Release|Any CPU.Build.0 = Release|Any CPU
	EndGlobalSection
	GlobalSection(SolutionProperties) = preSolution
		HideSolutionNode = FALSE
	EndGlobalSection
	GlobalSection(ExtensibilityGlobals) = postSolution
		SolutionGuid = {E6643334-FDDE-459F-B34B-BAACF1692EB4}
	EndGlobalSection
EndGlobal
